
Microsoft Visual Studio Solution File, Format Version 12.00
# Visual Studio Version 17
VisualStudioVersion = 17.11.35208.52
MinimumVisualStudioVersion = 10.0.40219.1
Project("{9A19103F-16F7-4668-BE54-9A1E7A4F7556}") = "DAL", "DAL\DAL.csproj", "{2A37954E-0C77-4D3F-BE64-6D7C350AD94C}"
EndProject
Project("{9A19103F-16F7-4668-BE54-9A1E7A4F7556}") = "BLL", "BLL\BLL.csproj", "{27D4A121-889F-45C0-B3AA-E79BC3BA9515}"
EndProject
Project("{9A19103F-16F7-4668-BE54-9A1E7A4F7556}") = "Presentation", "Presentation\Presentation.csproj", "{ABF490D3-19EA-4C20-8B07-075687BCA77F}"
EndProject
Project("{FAE04EC0-301F-11D3-BF4B-00C04F79EFBC}") = "WinFormsTree", "WinFormsTree\WinFormsTree.csproj", "{18CD2E58-FE84-4F83-AB84-08EFD22E6480}"
EndProject
Global
	GlobalSection(SolutionConfigurationPlatforms) = preSolution
		Debug|Any CPU = Debug|Any CPU
		Release|Any CPU = Release|Any CPU
	EndGlobalSection
	GlobalSection(ProjectConfigurationPlatforms) = postSolution
		{2A37954E-0C77-4D3F-BE64-6D7C350AD94C}.Debug|Any CPU.ActiveCfg = Debug|Any CPU
		{2A37954E-0C77-4D3F-BE64-6D7C350AD94C}.Debug|Any CPU.Build.0 = Debug|Any CPU
		{2A37954E-0C77-4D3F-BE64-6D7C350AD94C}.Release|Any CPU.ActiveCfg = Release|Any CPU
		{2A37954E-0C77-4D3F-BE64-6D7C350AD94C}.Release|Any CPU.Build.0 = Release|Any CPU
		{27D4A121-889F-45C0-B3AA-E79BC3BA9515}.Debug|Any CPU.ActiveCfg = Debug|Any CPU
		{27D4A121-889F-45C0-B3AA-E79BC3BA9515}.Debug|Any CPU.Build.0 = Debug|Any CPU
		{27D4A121-889F-45C0-B3AA-E79BC3BA9515}.Release|Any CPU.ActiveCfg = Release|Any CPU
		{27D4A121-889F-45C0-B3AA-E79BC3BA9515}.Release|Any CPU.Build.0 = Release|Any CPU
		{ABF490D3-19EA-4C20-8B07-075687BCA77F}.Debug|Any CPU.ActiveCfg = Debug|Any CPU
		{ABF490D3-19EA-4C20-8B07-075687BCA77F}.Debug|Any CPU.Build.0 = Debug|Any CPU
		{ABF490D3-19EA-4C20-8B07-075687BCA77F}.Release|Any CPU.ActiveCfg = Release|Any CPU
		{ABF490D3-19EA-4C20-8B07-075687BCA77F}.Release|Any CPU.Build.0 = Release|Any CPU
		{18CD2E58-FE84-4F83-AB84-08EFD22E6480}.Debug|Any CPU.ActiveCfg = Debug|Any CPU
		{18CD2E58-FE84-4F83-AB84-08EFD22E6480}.Debug|Any CPU.Build.0 = Debug|Any CPU
		{18CD2E58-FE84-4F83-AB84-08EFD22E6480}.Release|Any CPU.ActiveCfg = Release|Any CPU
		{18CD2E58-FE84-4F83-AB84-08EFD22E6480}.Release|Any CPU.Build.0 = Release|Any CPU
	EndGlobalSection
	GlobalSection(SolutionProperties) = preSolution
		HideSolutionNode = FALSE
	EndGlobalSection
	GlobalSection(ExtensibilityGlobals) = postSolution
		SolutionGuid = {E79387C2-CDF5-441F-8061-22D879CFFF13}
	EndGlobalSection
EndGlobal
